
Microsoft Visual Studio Solution File, Format Version 12.00
Project("{2150E333-8FDC-42A3-9474-1A3956D46DE8}") = "src", "src", "{66658D04-C228-40D2-82AE-E4220A9C05E9}"
EndProject
Project("{2150E333-8FDC-42A3-9474-1A3956D46DE8}") = "Core", "Core", "{3CC2E6B1-126A-4BA3-A8BA-3614D72AF83E}"
EndProject
Project("{2150E333-8FDC-42A3-9474-1A3956D46DE8}") = "Infrastructure", "Infrastructure", "{B366E9D6-C2C8-48CE-857E-694C963308AF}"
EndProject
Project("{2150E333-8FDC-42A3-9474-1A3956D46DE8}") = "Presentation", "Presentation", "{CA3A3A6A-4490-4635-9904-59A9A769A6B3}"
EndProject
Project("{FAE04EC0-301F-11D3-BF4B-00C04F79EFBC}") = "Domain", "Domain\Domain.csproj", "{0EE86A07-1787-4EC0-9088-818B517F5502}"
EndProject
Project("{FAE04EC0-301F-11D3-BF4B-00C04F79EFBC}") = "Persistence", "Persistence\Persistence.csproj", "{7F9CD274-C7C7-4077-8BC7-6236B7B23241}"
EndProject
Project("{FAE04EC0-301F-11D3-BF4B-00C04F79EFBC}") = "Infrastructure", "Infrastructure\Infrastructure.csproj", "{2797E1B2-DE94-4B6C-90BC-F0441E8A6DD2}"
EndProject
Project("{FAE04EC0-301F-11D3-BF4B-00C04F79EFBC}") = "Application", "Application\Application.csproj", "{76FFC355-8E06-4460-BE86-E7133F98418B}"
EndProject
Project("{FAE04EC0-301F-11D3-BF4B-00C04F79EFBC}") = "API", "API\API.csproj", "{BD7CC6F9-E5ED-4F41-AE27-1863E663F9AA}"
EndProject
Global
	GlobalSection(SolutionConfigurationPlatforms) = preSolution
		Debug|Any CPU = Debug|Any CPU
		Release|Any CPU = Release|Any CPU
	EndGlobalSection
	GlobalSection(NestedProjects) = preSolution
		{3CC2E6B1-126A-4BA3-A8BA-3614D72AF83E} = {66658D04-C228-40D2-82AE-E4220A9C05E9}
		{B366E9D6-C2C8-48CE-857E-694C963308AF} = {66658D04-C228-40D2-82AE-E4220A9C05E9}
		{CA3A3A6A-4490-4635-9904-59A9A769A6B3} = {66658D04-C228-40D2-82AE-E4220A9C05E9}
		{0EE86A07-1787-4EC0-9088-818B517F5502} = {3CC2E6B1-126A-4BA3-A8BA-3614D72AF83E}
		{7F9CD274-C7C7-4077-8BC7-6236B7B23241} = {B366E9D6-C2C8-48CE-857E-694C963308AF}
		{2797E1B2-DE94-4B6C-90BC-F0441E8A6DD2} = {B366E9D6-C2C8-48CE-857E-694C963308AF}
		{76FFC355-8E06-4460-BE86-E7133F98418B} = {3CC2E6B1-126A-4BA3-A8BA-3614D72AF83E}
		{BD7CC6F9-E5ED-4F41-AE27-1863E663F9AA} = {CA3A3A6A-4490-4635-9904-59A9A769A6B3}
	EndGlobalSection
	GlobalSection(ProjectConfigurationPlatforms) = postSolution
		{0EE86A07-1787-4EC0-9088-818B517F5502}.Debug|Any CPU.ActiveCfg = Debug|Any CPU
		{0EE86A07-1787-4EC0-9088-818B517F5502}.Debug|Any CPU.Build.0 = Debug|Any CPU
		{0EE86A07-1787-4EC0-9088-818B517F5502}.Release|Any CPU.ActiveCfg = Release|Any CPU
		{0EE86A07-1787-4EC0-9088-818B517F5502}.Release|Any CPU.Build.0 = Release|Any CPU
		{7F9CD274-C7C7-4077-8BC7-6236B7B23241}.Debug|Any CPU.ActiveCfg = Debug|Any CPU
		{7F9CD274-C7C7-4077-8BC7-6236B7B23241}.Debug|Any CPU.Build.0 = Debug|Any CPU
		{7F9CD274-C7C7-4077-8BC7-6236B7B23241}.Release|Any CPU.ActiveCfg = Release|Any CPU
		{7F9CD274-C7C7-4077-8BC7-6236B7B23241}.Release|Any CPU.Build.0 = Release|Any CPU
		{2797E1B2-DE94-4B6C-90BC-F0441E8A6DD2}.Debug|Any CPU.ActiveCfg = Debug|Any CPU
		{2797E1B2-DE94-4B6C-90BC-F0441E8A6DD2}.Debug|Any CPU.Build.0 = Debug|Any CPU
		{2797E1B2-DE94-4B6C-90BC-F0441E8A6DD2}.Release|Any CPU.ActiveCfg = Release|Any CPU
		{2797E1B2-DE94-4B6C-90BC-F0441E8A6DD2}.Release|Any CPU.Build.0 = Release|Any CPU
		{76FFC355-8E06-4460-BE86-E7133F98418B}.Debug|Any CPU.ActiveCfg = Debug|Any CPU
		{76FFC355-8E06-4460-BE86-E7133F98418B}.Debug|Any CPU.Build.0 = Debug|Any CPU
		{76FFC355-8E06-4460-BE86-E7133F98418B}.Release|Any CPU.ActiveCfg = Release|Any CPU
		{76FFC355-8E06-4460-BE86-E7133F98418B}.Release|Any CPU.Build.0 = Release|Any CPU
		{BD7CC6F9-E5ED-4F41-AE27-1863E663F9AA}.Debug|Any CPU.ActiveCfg = Debug|Any CPU
		{BD7CC6F9-E5ED-4F41-AE27-1863E663F9AA}.Debug|Any CPU.Build.0 = Debug|Any CPU
		{BD7CC6F9-E5ED-4F41-AE27-1863E663F9AA}.Release|Any CPU.ActiveCfg = Release|Any CPU
		{BD7CC6F9-E5ED-4F41-AE27-1863E663F9AA}.Release|Any CPU.Build.0 = Release|Any CPU
	EndGlobalSection
EndGlobal
